// !$*UTF8*$!
{
	archiveVersion = 1;
	classes = {
	};
	objectVersion = 50;
	objects = {

/* Begin PBXBuildFile section */
		4C61E99B226B86CC00F95EA9 /* CodeCoverageFramework.framework in Frameworks */ = {isa = PBXBuildFile; fileRef = 4C61E991226B86CB00F95EA9 /* CodeCoverageFramework.framework */; };
		4CA6CD4D237A043D0010ACC9 /* Coverage.swift in Sources */ = {isa = PBXBuildFile; fileRef = 4CA6CD4C237A043D0010ACC9 /* Coverage.swift */; };
		4CA6CD57237B616D0010ACC9 /* CoverageComparison.swift in Sources */ = {isa = PBXBuildFile; fileRef = 4CA6CD56237B616D0010ACC9 /* CoverageComparison.swift */; };
		4CA6CD59237B619B0010ACC9 /* Row.swift in Sources */ = {isa = PBXBuildFile; fileRef = 4CA6CD58237B619B0010ACC9 /* Row.swift */; };
		4CA6CD5B237B61F40010ACC9 /* Utils.swift in Sources */ = {isa = PBXBuildFile; fileRef = 4CA6CD5A237B61F40010ACC9 /* Utils.swift */; };
		4CA6CD95237F24B10010ACC9 /* RowTests.swift in Sources */ = {isa = PBXBuildFile; fileRef = 4CA6CD94237F24B10010ACC9 /* RowTests.swift */; };
		4CA6CD97237F6DAC0010ACC9 /* CoverageComparisonTestsSingle.swift in Sources */ = {isa = PBXBuildFile; fileRef = 4CA6CD96237F6DAC0010ACC9 /* CoverageComparisonTestsSingle.swift */; };
		4CA6CD99237F75FA0010ACC9 /* CoverageCompareTests.swift in Sources */ = {isa = PBXBuildFile; fileRef = 4CA6CD98237F75FA0010ACC9 /* CoverageCompareTests.swift */; };
		4CD46633238613DF00343985 /* ComparisonWebPage.swift in Sources */ = {isa = PBXBuildFile; fileRef = 4CD46632238613DF00343985 /* ComparisonWebPage.swift */; };
/* End PBXBuildFile section */

/* Begin PBXContainerItemProxy section */
		4C61E99C226B86CC00F95EA9 /* PBXContainerItemProxy */ = {
			isa = PBXContainerItemProxy;
			containerPortal = 4C61E988226B86CB00F95EA9 /* Project object */;
			proxyType = 1;
			remoteGlobalIDString = 4C61E990226B86CB00F95EA9;
			remoteInfo = CodeCoverageFramework;
		};
/* End PBXContainerItemProxy section */

/* Begin PBXFileReference section */
		4C61E991226B86CB00F95EA9 /* CodeCoverageFramework.framework */ = {isa = PBXFileReference; explicitFileType = wrapper.framework; includeInIndex = 0; path = CodeCoverageFramework.framework; sourceTree = BUILT_PRODUCTS_DIR; };
		4C61E99A226B86CC00F95EA9 /* CodeCoverageFrameworkTests.xctest */ = {isa = PBXFileReference; explicitFileType = wrapper.cfbundle; includeInIndex = 0; path = CodeCoverageFrameworkTests.xctest; sourceTree = BUILT_PRODUCTS_DIR; };
		4C61E9A1226B86CC00F95EA9 /* Info.plist */ = {isa = PBXFileReference; lastKnownFileType = text.plist.xml; path = Info.plist; sourceTree = "<group>"; };
		4C61E9C9226B8A8500F95EA9 /* CodeCoverageFrameworkTests-Bridging-Header.h */ = {isa = PBXFileReference; lastKnownFileType = sourcecode.c.h; path = "CodeCoverageFrameworkTests-Bridging-Header.h"; sourceTree = "<group>"; };
		4CA6CD4C237A043D0010ACC9 /* Coverage.swift */ = {isa = PBXFileReference; lastKnownFileType = sourcecode.swift; path = Coverage.swift; sourceTree = "<group>"; };
		4CA6CD54237B612E0010ACC9 /* Info.plist */ = {isa = PBXFileReference; fileEncoding = 4; lastKnownFileType = text.plist.xml; path = Info.plist; sourceTree = "<group>"; };
		4CA6CD56237B616D0010ACC9 /* CoverageComparison.swift */ = {isa = PBXFileReference; lastKnownFileType = sourcecode.swift; path = CoverageComparison.swift; sourceTree = "<group>"; };
		4CA6CD58237B619B0010ACC9 /* Row.swift */ = {isa = PBXFileReference; lastKnownFileType = sourcecode.swift; path = Row.swift; sourceTree = "<group>"; };
		4CA6CD5A237B61F40010ACC9 /* Utils.swift */ = {isa = PBXFileReference; lastKnownFileType = sourcecode.swift; path = Utils.swift; sourceTree = "<group>"; };
		4CA6CD94237F24B10010ACC9 /* RowTests.swift */ = {isa = PBXFileReference; lastKnownFileType = sourcecode.swift; path = RowTests.swift; sourceTree = "<group>"; };
		4CA6CD96237F6DAC0010ACC9 /* CoverageComparisonTestsSingle.swift */ = {isa = PBXFileReference; lastKnownFileType = sourcecode.swift; path = CoverageComparisonTestsSingle.swift; sourceTree = "<group>"; };
		4CA6CD98237F75FA0010ACC9 /* CoverageCompareTests.swift */ = {isa = PBXFileReference; lastKnownFileType = sourcecode.swift; path = CoverageCompareTests.swift; sourceTree = "<group>"; };
		4CD46632238613DF00343985 /* ComparisonWebPage.swift */ = {isa = PBXFileReference; lastKnownFileType = sourcecode.swift; path = ComparisonWebPage.swift; sourceTree = "<group>"; };
/* End PBXFileReference section */

/* Begin PBXFrameworksBuildPhase section */
		4C61E98E226B86CB00F95EA9 /* Frameworks */ = {
			isa = PBXFrameworksBuildPhase;
			buildActionMask = 2147483647;
			files = (
			);
			runOnlyForDeploymentPostprocessing = 0;
		};
		4C61E997226B86CC00F95EA9 /* Frameworks */ = {
			isa = PBXFrameworksBuildPhase;
			buildActionMask = 2147483647;
			files = (
				4C61E99B226B86CC00F95EA9 /* CodeCoverageFramework.framework in Frameworks */,
			);
			runOnlyForDeploymentPostprocessing = 0;
		};
/* End PBXFrameworksBuildPhase section */

/* Begin PBXGroup section */
		4C61E987226B86CB00F95EA9 = {
			isa = PBXGroup;
			children = (
				4C61E993226B86CB00F95EA9 /* CodeCoverageFramework */,
				4C61E99E226B86CC00F95EA9 /* CodeCoverageFrameworkTests */,
				4C61E992226B86CB00F95EA9 /* Products */,
			);
			sourceTree = "<group>";
		};
		4C61E992226B86CB00F95EA9 /* Products */ = {
			isa = PBXGroup;
			children = (
				4C61E991226B86CB00F95EA9 /* CodeCoverageFramework.framework */,
				4C61E99A226B86CC00F95EA9 /* CodeCoverageFrameworkTests.xctest */,
			);
			name = Products;
			sourceTree = "<group>";
		};
		4C61E993226B86CB00F95EA9 /* CodeCoverageFramework */ = {
			isa = PBXGroup;
			children = (
				4CA6CD54237B612E0010ACC9 /* Info.plist */,
				4CD46632238613DF00343985 /* ComparisonWebPage.swift */,
				4CA6CD4C237A043D0010ACC9 /* Coverage.swift */,
				4CA6CD56237B616D0010ACC9 /* CoverageComparison.swift */,
				4CA6CD58237B619B0010ACC9 /* Row.swift */,
				4CA6CD5A237B61F40010ACC9 /* Utils.swift */,
			);
			path = CodeCoverageFramework;
			sourceTree = "<group>";
		};
		4C61E99E226B86CC00F95EA9 /* CodeCoverageFrameworkTests */ = {
			isa = PBXGroup;
			children = (
				4C61E9A1226B86CC00F95EA9 /* Info.plist */,
				4C61E9C9226B8A8500F95EA9 /* CodeCoverageFrameworkTests-Bridging-Header.h */,
				4CA6CD94237F24B10010ACC9 /* RowTests.swift */,
				4CA6CD96237F6DAC0010ACC9 /* CoverageComparisonTestsSingle.swift */,
				4CA6CD98237F75FA0010ACC9 /* CoverageCompareTests.swift */,
			);
			path = CodeCoverageFrameworkTests;
			sourceTree = "<group>";
		};
/* End PBXGroup section */

/* Begin PBXHeadersBuildPhase section */
		4C61E98C226B86CB00F95EA9 /* Headers */ = {
			isa = PBXHeadersBuildPhase;
			buildActionMask = 2147483647;
			files = (
			);
			runOnlyForDeploymentPostprocessing = 0;
		};
/* End PBXHeadersBuildPhase section */

/* Begin PBXNativeTarget section */
		4C61E990226B86CB00F95EA9 /* CodeCoverageFramework */ = {
			isa = PBXNativeTarget;
			buildConfigurationList = 4C61E9A5226B86CC00F95EA9 /* Build configuration list for PBXNativeTarget "CodeCoverageFramework" */;
			buildPhases = (
				4C61E98C226B86CB00F95EA9 /* Headers */,
				4C61E98D226B86CB00F95EA9 /* Sources */,
				4C61E98E226B86CB00F95EA9 /* Frameworks */,
				4C61E98F226B86CB00F95EA9 /* Resources */,
			);
			buildRules = (
			);
			dependencies = (
			);
			name = CodeCoverageFramework;
			productName = CodeCoverageFramework;
			productReference = 4C61E991226B86CB00F95EA9 /* CodeCoverageFramework.framework */;
			productType = "com.apple.product-type.framework";
		};
		4C61E999226B86CC00F95EA9 /* CodeCoverageFrameworkTests */ = {
			isa = PBXNativeTarget;
			buildConfigurationList = 4C61E9A8226B86CC00F95EA9 /* Build configuration list for PBXNativeTarget "CodeCoverageFrameworkTests" */;
			buildPhases = (
				4C61E996226B86CC00F95EA9 /* Sources */,
				4C61E997226B86CC00F95EA9 /* Frameworks */,
				4C61E998226B86CC00F95EA9 /* Resources */,
			);
			buildRules = (
			);
			dependencies = (
				4C61E99D226B86CC00F95EA9 /* PBXTargetDependency */,
			);
			name = CodeCoverageFrameworkTests;
			productName = CodeCoverageFrameworkTests;
			productReference = 4C61E99A226B86CC00F95EA9 /* CodeCoverageFrameworkTests.xctest */;
			productType = "com.apple.product-type.bundle.unit-test";
		};
/* End PBXNativeTarget section */

/* Begin PBXProject section */
		4C61E988226B86CB00F95EA9 /* Project object */ = {
			isa = PBXProject;
			attributes = {
				LastSwiftUpdateCheck = 1020;
				LastUpgradeCheck = 1020;
				ORGANIZATIONNAME = charland;
				TargetAttributes = {
					4C61E990226B86CB00F95EA9 = {
						CreatedOnToolsVersion = 10.2;
						LastSwiftMigration = 1020;
					};
					4C61E999226B86CC00F95EA9 = {
						CreatedOnToolsVersion = 10.2;
						LastSwiftMigration = 1020;
					};
				};
			};
			buildConfigurationList = 4C61E98B226B86CB00F95EA9 /* Build configuration list for PBXProject "CodeCoverageFramework" */;
			compatibilityVersion = "Xcode 9.3";
			developmentRegion = en;
			hasScannedForEncodings = 0;
			knownRegions = (
				en,
			);
			mainGroup = 4C61E987226B86CB00F95EA9;
			productRefGroup = 4C61E992226B86CB00F95EA9 /* Products */;
			projectDirPath = "";
			projectRoot = "";
			targets = (
				4C61E990226B86CB00F95EA9 /* CodeCoverageFramework */,
				4C61E999226B86CC00F95EA9 /* CodeCoverageFrameworkTests */,
			);
		};
/* End PBXProject section */

/* Begin PBXResourcesBuildPhase section */
		4C61E98F226B86CB00F95EA9 /* Resources */ = {
			isa = PBXResourcesBuildPhase;
			buildActionMask = 2147483647;
			files = (
			);
			runOnlyForDeploymentPostprocessing = 0;
		};
		4C61E998226B86CC00F95EA9 /* Resources */ = {
			isa = PBXResourcesBuildPhase;
			buildActionMask = 2147483647;
			files = (
			);
			runOnlyForDeploymentPostprocessing = 0;
		};
/* End PBXResourcesBuildPhase section */

/* Begin PBXSourcesBuildPhase section */
		4C61E98D226B86CB00F95EA9 /* Sources */ = {
			isa = PBXSourcesBuildPhase;
			buildActionMask = 2147483647;
			files = (
				4CD46633238613DF00343985 /* ComparisonWebPage.swift in Sources */,
				4CA6CD57237B616D0010ACC9 /* CoverageComparison.swift in Sources */,
				4CA6CD59237B619B0010ACC9 /* Row.swift in Sources */,
				4CA6CD4D237A043D0010ACC9 /* Coverage.swift in Sources */,
				4CA6CD5B237B61F40010ACC9 /* Utils.swift in Sources */,
			);
			runOnlyForDeploymentPostprocessing = 0;
		};
		4C61E996226B86CC00F95EA9 /* Sources */ = {
			isa = PBXSourcesBuildPhase;
			buildActionMask = 2147483647;
			files = (
				4CA6CD99237F75FA0010ACC9 /* CoverageCompareTests.swift in Sources */,
				4CA6CD97237F6DAC0010ACC9 /* CoverageComparisonTestsSingle.swift in Sources */,
				4CA6CD95237F24B10010ACC9 /* RowTests.swift in Sources */,
			);
			runOnlyForDeploymentPostprocessing = 0;
		};
/* End PBXSourcesBuildPhase section */

/* Begin PBXTargetDependency section */
		4C61E99D226B86CC00F95EA9 /* PBXTargetDependency */ = {
			isa = PBXTargetDependency;
			target = 4C61E990226B86CB00F95EA9 /* CodeCoverageFramework */;
			targetProxy = 4C61E99C226B86CC00F95EA9 /* PBXContainerItemProxy */;
		};
/* End PBXTargetDependency section */

/* Begin XCBuildConfiguration section */
		4C61E9A3226B86CC00F95EA9 /* Debug */ = {
			isa = XCBuildConfiguration;
			buildSettings = {
				ALWAYS_SEARCH_USER_PATHS = NO;
				CLANG_ANALYZER_NONNULL = YES;
				CLANG_ANALYZER_NUMBER_OBJECT_CONVERSION = YES_AGGRESSIVE;
				CLANG_CXX_LANGUAGE_STANDARD = "gnu++14";
				CLANG_CXX_LIBRARY = "libc++";
				CLANG_ENABLE_MODULES = YES;
				CLANG_ENABLE_OBJC_ARC = YES;
				CLANG_ENABLE_OBJC_WEAK = YES;
				CLANG_WARN_BLOCK_CAPTURE_AUTORELEASING = YES;
				CLANG_WARN_BOOL_CONVERSION = YES;
				CLANG_WARN_COMMA = YES;
				CLANG_WARN_CONSTANT_CONVERSION = YES;
				CLANG_WARN_DEPRECATED_OBJC_IMPLEMENTATIONS = YES;
				CLANG_WARN_DIRECT_OBJC_ISA_USAGE = YES_ERROR;
				CLANG_WARN_DOCUMENTATION_COMMENTS = YES;
				CLANG_WARN_EMPTY_BODY = YES;
				CLANG_WARN_ENUM_CONVERSION = YES;
				CLANG_WARN_INFINITE_RECURSION = YES;
				CLANG_WARN_INT_CONVERSION = YES;
				CLANG_WARN_NON_LITERAL_NULL_CONVERSION = YES;
				CLANG_WARN_OBJC_IMPLICIT_RETAIN_SELF = YES;
				CLANG_WARN_OBJC_LITERAL_CONVERSION = YES;
				CLANG_WARN_OBJC_ROOT_CLASS = YES_ERROR;
				CLANG_WARN_RANGE_LOOP_ANALYSIS = YES;
				CLANG_WARN_STRICT_PROTOTYPES = YES;
				CLANG_WARN_SUSPICIOUS_MOVE = YES;
				CLANG_WARN_UNGUARDED_AVAILABILITY = YES_AGGRESSIVE;
				CLANG_WARN_UNREACHABLE_CODE = YES;
				CLANG_WARN__DUPLICATE_METHOD_MATCH = YES;
				CODE_SIGN_IDENTITY = "Mac Developer";
				COPY_PHASE_STRIP = NO;
				CURRENT_PROJECT_VERSION = 1;
				DEBUG_INFORMATION_FORMAT = dwarf;
				ENABLE_STRICT_OBJC_MSGSEND = YES;
				ENABLE_TESTABILITY = YES;
				GCC_C_LANGUAGE_STANDARD = gnu11;
				GCC_DYNAMIC_NO_PIC = NO;
				GCC_NO_COMMON_BLOCKS = YES;
				GCC_OPTIMIZATION_LEVEL = 0;
				GCC_PREPROCESSOR_DEFINITIONS = (
					"DEBUG=1",
					"$(inherited)",
				);
				GCC_WARN_64_TO_32_BIT_CONVERSION = YES;
				GCC_WARN_ABOUT_RETURN_TYPE = YES_ERROR;
				GCC_WARN_UNDECLARED_SELECTOR = YES;
				GCC_WARN_UNINITIALIZED_AUTOS = YES_AGGRESSIVE;
				GCC_WARN_UNUSED_FUNCTION = YES;
				GCC_WARN_UNUSED_VARIABLE = YES;
				MACOSX_DEPLOYMENT_TARGET = 10.14;
				MTL_ENABLE_DEBUG_INFO = INCLUDE_SOURCE;
				MTL_FAST_MATH = YES;
				ONLY_ACTIVE_ARCH = YES;
				SDKROOT = macosx;
				SWIFT_ACTIVE_COMPILATION_CONDITIONS = DEBUG;
				SWIFT_OPTIMIZATION_LEVEL = "-Onone";
				VERSIONING_SYSTEM = "apple-generic";
				VERSION_INFO_PREFIX = "";
			};
			name = Debug;
		};
		4C61E9A4226B86CC00F95EA9 /* Release */ = {
			isa = XCBuildConfiguration;
			buildSettings = {
				ALWAYS_SEARCH_USER_PATHS = NO;
				CLANG_ANALYZER_NONNULL = YES;
				CLANG_ANALYZER_NUMBER_OBJECT_CONVERSION = YES_AGGRESSIVE;
				CLANG_CXX_LANGUAGE_STANDARD = "gnu++14";
				CLANG_CXX_LIBRARY = "libc++";
				CLANG_ENABLE_MODULES = YES;
				CLANG_ENABLE_OBJC_ARC = YES;
				CLANG_ENABLE_OBJC_WEAK = YES;
				CLANG_WARN_BLOCK_CAPTURE_AUTORELEASING = YES;
				CLANG_WARN_BOOL_CONVERSION = YES;
				CLANG_WARN_COMMA = YES;
				CLANG_WARN_CONSTANT_CONVERSION = YES;
				CLANG_WARN_DEPRECATED_OBJC_IMPLEMENTATIONS = YES;
				CLANG_WARN_DIRECT_OBJC_ISA_USAGE = YES_ERROR;
				CLANG_WARN_DOCUMENTATION_COMMENTS = YES;
				CLANG_WARN_EMPTY_BODY = YES;
				CLANG_WARN_ENUM_CONVERSION = YES;
				CLANG_WARN_INFINITE_RECURSION = YES;
				CLANG_WARN_INT_CONVERSION = YES;
				CLANG_WARN_NON_LITERAL_NULL_CONVERSION = YES;
				CLANG_WARN_OBJC_IMPLICIT_RETAIN_SELF = YES;
				CLANG_WARN_OBJC_LITERAL_CONVERSION = YES;
				CLANG_WARN_OBJC_ROOT_CLASS = YES_ERROR;
				CLANG_WARN_RANGE_LOOP_ANALYSIS = YES;
				CLANG_WARN_STRICT_PROTOTYPES = YES;
				CLANG_WARN_SUSPICIOUS_MOVE = YES;
				CLANG_WARN_UNGUARDED_AVAILABILITY = YES_AGGRESSIVE;
				CLANG_WARN_UNREACHABLE_CODE = YES;
				CLANG_WARN__DUPLICATE_METHOD_MATCH = YES;
				CODE_SIGN_IDENTITY = "Mac Developer";
				COPY_PHASE_STRIP = NO;
				CURRENT_PROJECT_VERSION = 1;
				DEBUG_INFORMATION_FORMAT = "dwarf-with-dsym";
				ENABLE_NS_ASSERTIONS = NO;
				ENABLE_STRICT_OBJC_MSGSEND = YES;
				GCC_C_LANGUAGE_STANDARD = gnu11;
				GCC_NO_COMMON_BLOCKS = YES;
				GCC_WARN_64_TO_32_BIT_CONVERSION = YES;
				GCC_WARN_ABOUT_RETURN_TYPE = YES_ERROR;
				GCC_WARN_UNDECLARED_SELECTOR = YES;
				GCC_WARN_UNINITIALIZED_AUTOS = YES_AGGRESSIVE;
				GCC_WARN_UNUSED_FUNCTION = YES;
				GCC_WARN_UNUSED_VARIABLE = YES;
				MACOSX_DEPLOYMENT_TARGET = 10.14;
				MTL_ENABLE_DEBUG_INFO = NO;
				MTL_FAST_MATH = YES;
				SDKROOT = macosx;
				SWIFT_COMPILATION_MODE = wholemodule;
				SWIFT_OPTIMIZATION_LEVEL = "-O";
				VERSIONING_SYSTEM = "apple-generic";
				VERSION_INFO_PREFIX = "";
			};
			name = Release;
		};
		4C61E9A6226B86CC00F95EA9 /* Debug */ = {
			isa = XCBuildConfiguration;
			buildSettings = {
				CLANG_ENABLE_MODULES = YES;
				CODE_SIGN_IDENTITY = "";
				CODE_SIGN_STYLE = Automatic;
				COMBINE_HIDPI_IMAGES = YES;
				DEFINES_MODULE = YES;
				DEVELOPMENT_TEAM = CY96495443;
				DYLIB_COMPATIBILITY_VERSION = 1;
				DYLIB_CURRENT_VERSION = 1;
				DYLIB_INSTALL_NAME_BASE = "@rpath";
				FRAMEWORK_VERSION = A;
				INFOPLIST_FILE = CodeCoverageFramework/Info.plist;
				INSTALL_PATH = "$(LOCAL_LIBRARY_DIR)/Frameworks";
				LD_RUNPATH_SEARCH_PATHS = (
					"$(inherited)",
					"@executable_path/../Frameworks",
					"@loader_path/Frameworks",
				);
				PRODUCT_BUNDLE_IDENTIFIER = ca.charland.CodeCoverageFramework;
				PRODUCT_NAME = "$(TARGET_NAME:c99extidentifier)";
				SKIP_INSTALL = YES;
				SWIFT_OPTIMIZATION_LEVEL = "-Onone";
				SWIFT_VERSION = 5.0;
			};
			name = Debug;
		};
		4C61E9A7226B86CC00F95EA9 /* Release */ = {
			isa = XCBuildConfiguration;
			buildSettings = {
				CLANG_ENABLE_MODULES = YES;
				CODE_SIGN_IDENTITY = "";
				CODE_SIGN_STYLE = Automatic;
				COMBINE_HIDPI_IMAGES = YES;
				DEFINES_MODULE = YES;
				DEVELOPMENT_TEAM = CY96495443;
				DYLIB_COMPATIBILITY_VERSION = 1;
				DYLIB_CURRENT_VERSION = 1;
				DYLIB_INSTALL_NAME_BASE = "@rpath";
				FRAMEWORK_VERSION = A;
				INFOPLIST_FILE = CodeCoverageFramework/Info.plist;
				INSTALL_PATH = "$(LOCAL_LIBRARY_DIR)/Frameworks";
				LD_RUNPATH_SEARCH_PATHS = (
					"$(inherited)",
					"@executable_path/../Frameworks",
					"@loader_path/Frameworks",
				);
				PRODUCT_BUNDLE_IDENTIFIER = ca.charland.CodeCoverageFramework;
				PRODUCT_NAME = "$(TARGET_NAME:c99extidentifier)";
				SKIP_INSTALL = YES;
				SWIFT_VERSION = 5.0;
			};
			name = Release;
		};
		4C61E9A9226B86CC00F95EA9 /* Debug */ = {
			isa = XCBuildConfiguration;
			buildSettings = {
				ALWAYS_EMBED_SWIFT_STANDARD_LIBRARIES = YES;
				CLANG_ENABLE_MODULES = YES;
				CODE_SIGN_STYLE = Automatic;
				COMBINE_HIDPI_IMAGES = YES;
				DEVELOPMENT_TEAM = CY96495443;
				INFOPLIST_FILE = CodeCoverageFrameworkTests/Info.plist;
				LD_RUNPATH_SEARCH_PATHS = (
					"$(inherited)",
					"@executable_path/../Frameworks",
					"@loader_path/../Frameworks",
				);
				PRODUCT_BUNDLE_IDENTIFIER = ca.charland.CodeCoverageFrameworkTests;
				PRODUCT_NAME = "$(TARGET_NAME)";
				SWIFT_OBJC_BRIDGING_HEADER = "CodeCoverageFrameworkTests/CodeCoverageFrameworkTests-Bridging-Header.h";
				SWIFT_OPTIMIZATION_LEVEL = "-Onone";
				SWIFT_VERSION = 5.0;
			};
			name = Debug;
		};
		4C61E9AA226B86CC00F95EA9 /* Release */ = {
			isa = XCBuildConfiguration;
			buildSettings = {
				ALWAYS_EMBED_SWIFT_STANDARD_LIBRARIES = YES;
				CLANG_ENABLE_MODULES = YES;
				CODE_SIGN_STYLE = Automatic;
				COMBINE_HIDPI_IMAGES = YES;
				DEVELOPMENT_TEAM = CY96495443;
				INFOPLIST_FILE = CodeCoverageFrameworkTests/Info.plist;
				LD_RUNPATH_SEARCH_PATHS = (
					"$(inherited)",
					"@executable_path/../Frameworks",
					"@loader_path/../Frameworks",
				);
				PRODUCT_BUNDLE_IDENTIFIER = ca.charland.CodeCoverageFrameworkTests;
				PRODUCT_NAME = "$(TARGET_NAME)";
				SWIFT_OBJC_BRIDGING_HEADER = "CodeCoverageFrameworkTests/CodeCoverageFrameworkTests-Bridging-Header.h";
				SWIFT_VERSION = 5.0;
			};
			name = Release;
		};
/* End XCBuildConfiguration section */

/* Begin XCConfigurationList section */
		4C61E98B226B86CB00F95EA9 /* Build configuration list for PBXProject "CodeCoverageFramework" */ = {
			isa = XCConfigurationList;
			buildConfigurations = (
				4C61E9A3226B86CC00F95EA9 /* Debug */,
				4C61E9A4226B86CC00F95EA9 /* Release */,
			);
			defaultConfigurationIsVisible = 0;
			defaultConfigurationName = Release;
		};
		4C61E9A5226B86CC00F95EA9 /* Build configuration list for PBXNativeTarget "CodeCoverageFramework" */ = {
			isa = XCConfigurationList;
			buildConfigurations = (
				4C61E9A6226B86CC00F95EA9 /* Debug */,
				4C61E9A7226B86CC00F95EA9 /* Release */,
			);
			defaultConfigurationIsVisible = 0;
			defaultConfigurationName = Release;
		};
		4C61E9A8226B86CC00F95EA9 /* Build configuration list for PBXNativeTarget "CodeCoverageFrameworkTests" */ = {
			isa = XCConfigurationList;
			buildConfigurations = (
				4C61E9A9226B86CC00F95EA9 /* Debug */,
				4C61E9AA226B86CC00F95EA9 /* Release */,
			);
			defaultConfigurationIsVisible = 0;
			defaultConfigurationName = Release;
		};
/* End XCConfigurationList section */
	};
	rootObject = 4C61E988226B86CB00F95EA9 /* Project object */;
}
